
Microsoft Visual Studio Solution File, Format Version 12.00
# Visual Studio Version 16
VisualStudioVersion = 16.0.31005.135
MinimumVisualStudioVersion = 10.0.40219.1
Project("{FAE04EC0-301F-11D3-BF4B-00C04F79EFBC}") = "Asp.net_1", "Asp.net_1\Asp.net_1.csproj", "{A79C2B5B-59FA-4796-B38E-35CEA27699E6}"
EndProject
Global
	GlobalSection(SolutionConfigurationPlatforms) = preSolution
		Debug|Any CPU = Debug|Any CPU
		Release|Any CPU = Release|Any CPU
	EndGlobalSection
	GlobalSection(ProjectConfigurationPlatforms) = postSolution
		{A79C2B5B-59FA-4796-B38E-35CEA27699E6}.Debug|Any CPU.ActiveCfg = Debug|Any CPU
		{A79C2B5B-59FA-4796-B38E-35CEA27699E6}.Debug|Any CPU.Build.0 = Debug|Any CPU
		{A79C2B5B-59FA-4796-B38E-35CEA27699E6}.Release|Any CPU.ActiveCfg = Release|Any CPU
		{A79C2B5B-59FA-4796-B38E-35CEA27699E6}.Release|Any CPU.Build.0 = Release|Any CPU
	EndGlobalSection
	GlobalSection(SolutionProperties) = preSolution
		HideSolutionNode = FALSE
	EndGlobalSection
	GlobalSection(ExtensibilityGlobals) = postSolution
		SolutionGuid = {327BD8A3-324E-4FA1-8C12-D6D916376566}
	EndGlobalSection
EndGlobal
